NeoBundleLock alpaca_tags e5d855eaffbe2df5e7f8740ea497e2ec48f59bbe
NeoBundleLock neobundle.vim 4c9a273fd085db60368b3f0fe5a4f2acf2c121df
NeoBundleLock python-syntax 69760cb3accce488cc072772ca918ac2cbf384ba
NeoBundleLock syntastic f63b253f67d049280e858eb18a164419cf1fc4e6
NeoBundleLock taglist.vim 53041fbc45398a9af631a20657e109707a455339
NeoBundleLock vim-autoclose a9a3b7384657bc1f60a963fd6c08c63fc48d61c3
NeoBundleLock vim-bracketed-paste 363f9b62d3aaa8f1cb6ba8abbeadecbef8d5cd42
NeoBundleLock vim-fugitive 8f60d1d459362771cb68c0097565efdf52e62ec3
NeoBundleLock vim-go 52c5b1f74dade7ef21b34675751cd4a7b3ee2d03
NeoBundleLock vim-yaml 291e0bc8b15df4fa400aaf345b887a401c9cbdcc
